// !$*UTF8*$!
{
	archiveVersion = 1;
	classes = {
	};
	objectVersion = 60;
	objects = {

/* Begin PBXBuildFile section */
		1A2B3C4D5E6F700000000001 /* MoonletApp.swift in Sources */ = {isa = PBXBuildFile; fileRef = 1A2B3C4D5E6F700000000011 /* MoonletApp.swift */; };
		1A2B3C4D5E6F700000000002 /* AppModel.swift in Sources */ = {isa = PBXBuildFile; fileRef = 1A2B3C4D5E6F700000000012 /* AppModel.swift */; };
		1A2B3C4D5E6F700000000003 /* AppRoute.swift in Sources */ = {isa = PBXBuildFile; fileRef = 1A2B3C4D5E6F700000000013 /* AppRoute.swift */; };
		1A2B3C4D5E6F700000000004 /* LunarPhase.swift in Sources */ = {isa = PBXBuildFile; fileRef = 1A2B3C4D5E6F700000000014 /* LunarPhase.swift */; };
		1A2B3C4D5E6F700000000005 /* StoryFragment.swift in Sources */ = {isa = PBXBuildFile; fileRef = 1A2B3C4D5E6F700000000015 /* StoryFragment.swift */; };
		1A2B3C4D5E6F700000000008 /* LunarPhaseCalculator.swift in Sources */ = {isa = PBXBuildFile; fileRef = 1A2B3C4D5E6F70000000001C /* LunarPhaseCalculator.swift */; };
		B10000000000000000000001 /* MoonPhaseSnapshot.swift in Sources */ = {isa = PBXBuildFile; fileRef = B10000000000000000000002 /* MoonPhaseSnapshot.swift */; };
		B10000000000000000000007 /* MoonPhaseDateRange.swift in Sources */ = {isa = PBXBuildFile; fileRef = B10000000000000000000008 /* MoonPhaseDateRange.swift */; };
		B10000000000000000000009 /* MoonPhaseStore.swift in Sources */ = {isa = PBXBuildFile; fileRef = B1000000000000000000000A /* MoonPhaseStore.swift */; };
		1A2B3C4D5E6F700000000052 /* FragmentHook.swift in Sources */ = {isa = PBXBuildFile; fileRef = 1A2B3C4D5E6F700000000053 /* FragmentHook.swift */; };
		1A2B3C4D5E6F700000000054 /* FragmentManifestLoader.swift in Sources */ = {isa = PBXBuildFile; fileRef = 1A2B3C4D5E6F700000000055 /* FragmentManifestLoader.swift */; };
		1A2B3C4D5E6F700000000056 /* FragmentRepository.swift in Sources */ = {isa = PBXBuildFile; fileRef = 1A2B3C4D5E6F700000000057 /* FragmentRepository.swift */; };
		1A2B3C4D5E6F700000000058 /* cycle-001.json in Resources */ = {isa = PBXBuildFile; fileRef = 1A2B3C4D5E6F700000000059 /* cycle-001.json */; };
		1A2B3C4D5E6F70000000008A /* moonlet-ambient.wav in Resources */ = {isa = PBXBuildFile; fileRef = 1A2B3C4D5E6F70000000008B /* moonlet-ambient.wav */; };
		1A2B3C4D5E6F700000000060 /* ScenePlayerView.swift in Sources */ = {isa = PBXBuildFile; fileRef = 1A2B3C4D5E6F700000000061 /* ScenePlayerView.swift */; };
		1A2B3C4D5E6F700000000062 /* ScenePlaybackViewModel.swift in Sources */ = {isa = PBXBuildFile; fileRef = 1A2B3C4D5E6F700000000063 /* ScenePlaybackViewModel.swift */; };
		1A2B3C4D5E6F700000000064 /* SceneLayerView.swift in Sources */ = {isa = PBXBuildFile; fileRef = 1A2B3C4D5E6F700000000065 /* SceneLayerView.swift */; };
		1A2B3C4D5E6F700000000066 /* BreathingStillView.swift in Sources */ = {isa = PBXBuildFile; fileRef = 1A2B3C4D5E6F700000000067 /* BreathingStillView.swift */; };
		1A2B3C4D5E6F700000000068 /* MotionProfile.swift in Sources */ = {isa = PBXBuildFile; fileRef = 1A2B3C4D5E6F700000000069 /* MotionProfile.swift */; };
		1A2B3C4D5E6F70000000006A /* ParallaxLayer.swift in Sources */ = {isa = PBXBuildFile; fileRef = 1A2B3C4D5E6F70000000006B /* ParallaxLayer.swift */; };
		1A2B3C4D5E6F700000000084 /* AmbientAudioController.swift in Sources */ = {isa = PBXBuildFile; fileRef = 1A2B3C4D5E6F700000000085 /* AmbientAudioController.swift */; };
		1A2B3C4D5E6F700000000086 /* HapticCuePlayer.swift in Sources */ = {isa = PBXBuildFile; fileRef = 1A2B3C4D5E6F700000000087 /* HapticCuePlayer.swift */; };
		1A2B3C4D5E6F70000000007C /* MoonCalendarView.swift in Sources */ = {isa = PBXBuildFile; fileRef = 1A2B3C4D5E6F70000000007D /* MoonCalendarView.swift */; };
		1A2B3C4D5E6F70000000007E /* MoonCalendarDayCell.swift in Sources */ = {isa = PBXBuildFile; fileRef = 1A2B3C4D5E6F70000000007F /* MoonCalendarDayCell.swift */; };
		1A2B3C4D5E6F700000000006 /* ScenePlaybackViewModelTests.swift in Sources */ = {isa = PBXBuildFile; fileRef = 1A2B3C4D5E6F700000000016 /* ScenePlaybackViewModelTests.swift */; };
		1A2B3C4D5E6F700000000007 /* LunarPhaseCalculatorTests.swift in Sources */ = {isa = PBXBuildFile; fileRef = 1A2B3C4D5E6F70000000001B /* LunarPhaseCalculatorTests.swift */; };
		1A2B3C4D5E6F700000000050 /* FragmentRepositoryTests.swift in Sources */ = {isa = PBXBuildFile; fileRef = 1A2B3C4D5E6F700000000051 /* FragmentRepositoryTests.swift */; };
		B10000000000000000000003 /* MoonPhaseDateRangeTests.swift in Sources */ = {isa = PBXBuildFile; fileRef = B10000000000000000000004 /* MoonPhaseDateRangeTests.swift */; };
		B10000000000000000000005 /* MoonPhaseStoreTests.swift in Sources */ = {isa = PBXBuildFile; fileRef = B10000000000000000000006 /* MoonPhaseStoreTests.swift */; };
		1A2B3C4D5E6F700000000070 /* MoonletDailyFlowUITests.swift in Sources */ = {isa = PBXBuildFile; fileRef = 1A2B3C4D5E6F700000000071 /* MoonletDailyFlowUITests.swift */; };
/* End PBXBuildFile section */

/* Begin PBXContainerItemProxy section */
		1A2B3C4D5E6F700000000030 /* PBXContainerItemProxy */ = {
			isa = PBXContainerItemProxy;
			containerPortal = 1A2B3C4D5E6F700000000020 /* Project object */;
			proxyType = 1;
			remoteGlobalIDString = 1A2B3C4D5E6F70000000000A;
			remoteInfo = Moonlet;
		};
		1A2B3C4D5E6F700000000072 /* PBXContainerItemProxy */ = {
			isa = PBXContainerItemProxy;
			containerPortal = 1A2B3C4D5E6F700000000020 /* Project object */;
			proxyType = 1;
			remoteGlobalIDString = 1A2B3C4D5E6F70000000000A;
			remoteInfo = Moonlet;
		};
/* End PBXContainerItemProxy section */

/* Begin PBXFileReference section */
		1A2B3C4D5E6F700000000011 /* MoonletApp.swift */ = {isa = PBXFileReference; lastKnownFileType = sourcecode.swift; path = MoonletApp.swift; sourceTree = "<group>"; };
		1A2B3C4D5E6F700000000012 /* AppModel.swift */ = {isa = PBXFileReference; lastKnownFileType = sourcecode.swift; path = AppModel.swift; sourceTree = "<group>"; };
		1A2B3C4D5E6F700000000013 /* AppRoute.swift */ = {isa = PBXFileReference; lastKnownFileType = sourcecode.swift; path = AppRoute.swift; sourceTree = "<group>"; };
		1A2B3C4D5E6F700000000014 /* LunarPhase.swift */ = {isa = PBXFileReference; lastKnownFileType = sourcecode.swift; path = LunarPhase.swift; sourceTree = "<group>"; };
		1A2B3C4D5E6F700000000015 /* StoryFragment.swift */ = {isa = PBXFileReference; lastKnownFileType = sourcecode.swift; path = StoryFragment.swift; sourceTree = "<group>"; };
		1A2B3C4D5E6F70000000001C /* LunarPhaseCalculator.swift */ = {isa = PBXFileReference; lastKnownFileType = sourcecode.swift; path = LunarPhaseCalculator.swift; sourceTree = "<group>"; };
		B10000000000000000000002 /* MoonPhaseSnapshot.swift */ = {isa = PBXFileReference; lastKnownFileType = sourcecode.swift; path = MoonPhaseSnapshot.swift; sourceTree = "<group>"; };
		B10000000000000000000008 /* MoonPhaseDateRange.swift */ = {isa = PBXFileReference; lastKnownFileType = sourcecode.swift; path = MoonPhaseDateRange.swift; sourceTree = "<group>"; };
		B1000000000000000000000A /* MoonPhaseStore.swift */ = {isa = PBXFileReference; lastKnownFileType = sourcecode.swift; path = MoonPhaseStore.swift; sourceTree = "<group>"; };
		1A2B3C4D5E6F700000000053 /* FragmentHook.swift */ = {isa = PBXFileReference; lastKnownFileType = sourcecode.swift; path = FragmentHook.swift; sourceTree = "<group>"; };
		1A2B3C4D5E6F700000000055 /* FragmentManifestLoader.swift */ = {isa = PBXFileReference; lastKnownFileType = sourcecode.swift; path = FragmentManifestLoader.swift; sourceTree = "<group>"; };
		1A2B3C4D5E6F700000000057 /* FragmentRepository.swift */ = {isa = PBXFileReference; lastKnownFileType = sourcecode.swift; path = FragmentRepository.swift; sourceTree = "<group>"; };
		1A2B3C4D5E6F700000000059 /* cycle-001.json */ = {isa = PBXFileReference; lastKnownFileType = text.json; path = "cycle-001.json"; sourceTree = "<group>"; };
		1A2B3C4D5E6F70000000008B /* moonlet-ambient.wav */ = {isa = PBXFileReference; lastKnownFileType = audio.wav; path = "moonlet-ambient.wav"; sourceTree = "<group>"; };
		1A2B3C4D5E6F700000000061 /* ScenePlayerView.swift */ = {isa = PBXFileReference; lastKnownFileType = sourcecode.swift; path = ScenePlayerView.swift; sourceTree = "<group>"; };
		1A2B3C4D5E6F700000000063 /* ScenePlaybackViewModel.swift */ = {isa = PBXFileReference; lastKnownFileType = sourcecode.swift; path = ScenePlaybackViewModel.swift; sourceTree = "<group>"; };
		1A2B3C4D5E6F700000000065 /* SceneLayerView.swift */ = {isa = PBXFileReference; lastKnownFileType = sourcecode.swift; path = SceneLayerView.swift; sourceTree = "<group>"; };
		1A2B3C4D5E6F700000000067 /* BreathingStillView.swift */ = {isa = PBXFileReference; lastKnownFileType = sourcecode.swift; path = BreathingStillView.swift; sourceTree = "<group>"; };
		1A2B3C4D5E6F700000000069 /* MotionProfile.swift */ = {isa = PBXFileReference; lastKnownFileType = sourcecode.swift; path = MotionProfile.swift; sourceTree = "<group>"; };
		1A2B3C4D5E6F70000000006B /* ParallaxLayer.swift */ = {isa = PBXFileReference; lastKnownFileType = sourcecode.swift; path = ParallaxLayer.swift; sourceTree = "<group>"; };
		1A2B3C4D5E6F700000000085 /* AmbientAudioController.swift */ = {isa = PBXFileReference; lastKnownFileType = sourcecode.swift; path = AmbientAudioController.swift; sourceTree = "<group>"; };
		1A2B3C4D5E6F700000000087 /* HapticCuePlayer.swift */ = {isa = PBXFileReference; lastKnownFileType = sourcecode.swift; path = HapticCuePlayer.swift; sourceTree = "<group>"; };
		1A2B3C4D5E6F70000000007D /* MoonCalendarView.swift */ = {isa = PBXFileReference; lastKnownFileType = sourcecode.swift; path = MoonCalendarView.swift; sourceTree = "<group>"; };
		1A2B3C4D5E6F70000000007F /* MoonCalendarDayCell.swift */ = {isa = PBXFileReference; lastKnownFileType = sourcecode.swift; path = MoonCalendarDayCell.swift; sourceTree = "<group>"; };
		1A2B3C4D5E6F700000000071 /* MoonletDailyFlowUITests.swift */ = {isa = PBXFileReference; lastKnownFileType = sourcecode.swift; path = MoonletDailyFlowUITests.swift; sourceTree = "<group>"; };
		1A2B3C4D5E6F700000000016 /* ScenePlaybackViewModelTests.swift */ = {isa = PBXFileReference; lastKnownFileType = sourcecode.swift; path = ScenePlaybackViewModelTests.swift; sourceTree = "<group>"; };
		1A2B3C4D5E6F70000000001B /* LunarPhaseCalculatorTests.swift */ = {isa = PBXFileReference; lastKnownFileType = sourcecode.swift; path = LunarPhaseCalculatorTests.swift; sourceTree = "<group>"; };
		1A2B3C4D5E6F700000000051 /* FragmentRepositoryTests.swift */ = {isa = PBXFileReference; lastKnownFileType = sourcecode.swift; path = FragmentRepositoryTests.swift; sourceTree = "<group>"; };
		B10000000000000000000004 /* MoonPhaseDateRangeTests.swift */ = {isa = PBXFileReference; lastKnownFileType = sourcecode.swift; path = MoonPhaseDateRangeTests.swift; sourceTree = "<group>"; };
		B10000000000000000000006 /* MoonPhaseStoreTests.swift */ = {isa = PBXFileReference; lastKnownFileType = sourcecode.swift; path = MoonPhaseStoreTests.swift; sourceTree = "<group>"; };
		1A2B3C4D5E6F700000000017 /* MoonletTests.xctest */ = {isa = PBXFileReference; explicitFileType = wrapper.cfbundle; includeInIndex = 0; path = MoonletTests.xctest; sourceTree = BUILT_PRODUCTS_DIR; };
		1A2B3C4D5E6F700000000018 /* Moonlet.app */ = {isa = PBXFileReference; explicitFileType = wrapper.application; includeInIndex = 0; path = Moonlet.app; sourceTree = BUILT_PRODUCTS_DIR; };
		1A2B3C4D5E6F700000000073 /* MoonletUITests.xctest */ = {isa = PBXFileReference; explicitFileType = wrapper.cfbundle; includeInIndex = 0; path = MoonletUITests.xctest; sourceTree = BUILT_PRODUCTS_DIR; };
/* End PBXFileReference section */

/* Begin PBXFrameworksBuildPhase section */
		1A2B3C4D5E6F70000000000B /* Frameworks */ = {
			isa = PBXFrameworksBuildPhase;
			buildActionMask = 2147483647;
			files = (
			);
			runOnlyForDeploymentPostprocessing = 0;
		};
		1A2B3C4D5E6F70000000000D /* Frameworks */ = {
			isa = PBXFrameworksBuildPhase;
			buildActionMask = 2147483647;
			files = (
			);
			runOnlyForDeploymentPostprocessing = 0;
		};
		1A2B3C4D5E6F700000000074 /* Frameworks */ = {
			isa = PBXFrameworksBuildPhase;
			buildActionMask = 2147483647;
			files = (
			);
			runOnlyForDeploymentPostprocessing = 0;
		};
/* End PBXFrameworksBuildPhase section */

/* Begin PBXGroup section */
		1A2B3C4D5E6F700000000010 = {
			isa = PBXGroup;
			children = (
				1A2B3C4D5E6F70000000000E /* Moonlet */,
				1A2B3C4D5E6F70000000000F /* MoonletTests */,
				1A2B3C4D5E6F700000000075 /* MoonletUITests */,
				1A2B3C4D5E6F700000000024 /* Products */,
			);
			sourceTree = "<group>";
		};
		1A2B3C4D5E6F700000000024 /* Products */ = {
			isa = PBXGroup;
			children = (
				1A2B3C4D5E6F700000000018 /* Moonlet.app */,
				1A2B3C4D5E6F700000000017 /* MoonletTests.xctest */,
				1A2B3C4D5E6F700000000073 /* MoonletUITests.xctest */,
			);
			name = Products;
			sourceTree = "<group>";
		};
		1A2B3C4D5E6F70000000000E /* Moonlet */ = {
			isa = PBXGroup;
			children = (
				1A2B3C4D5E6F700000000011 /* MoonletApp.swift */,
				1A2B3C4D5E6F700000000019 /* App */,
				1A2B3C4D5E6F700000000080 /* Calendar */,
				1A2B3C4D5E6F70000000001A /* Domain */,
				1A2B3C4D5E6F70000000005A /* Content */,
				1A2B3C4D5E6F70000000006C /* Scene */,
				1A2B3C4D5E6F70000000005B /* Resources */,
			);
			path = Moonlet;
			sourceTree = "<group>";
		};
		1A2B3C4D5E6F70000000000F /* MoonletTests */ = {
			isa = PBXGroup;
			children = (
				1A2B3C4D5E6F700000000016 /* ScenePlaybackViewModelTests.swift */,
				1A2B3C4D5E6F70000000001B /* LunarPhaseCalculatorTests.swift */,
				1A2B3C4D5E6F700000000051 /* FragmentRepositoryTests.swift */,
				B10000000000000000000004 /* MoonPhaseDateRangeTests.swift */,
				B10000000000000000000006 /* MoonPhaseStoreTests.swift */,
			);
			path = MoonletTests;
			sourceTree = "<group>";
		};
		1A2B3C4D5E6F700000000075 /* MoonletUITests */ = {
			isa = PBXGroup;
			children = (
				1A2B3C4D5E6F700000000071 /* MoonletDailyFlowUITests.swift */,
			);
			path = MoonletUITests;
			sourceTree = "<group>";
		};
		1A2B3C4D5E6F700000000019 /* App */ = {
			isa = PBXGroup;
			children = (
				1A2B3C4D5E6F700000000012 /* AppModel.swift */,
				1A2B3C4D5E6F700000000013 /* AppRoute.swift */,
				B1000000000000000000000A /* MoonPhaseStore.swift */,
			);
			path = App;
			sourceTree = "<group>";
		};
		1A2B3C4D5E6F700000000080 /* Calendar */ = {
			isa = PBXGroup;
			children = (
				1A2B3C4D5E6F70000000007D /* MoonCalendarView.swift */,
				1A2B3C4D5E6F70000000007F /* MoonCalendarDayCell.swift */,
			);
			path = Calendar;
			sourceTree = "<group>";
		};
		1A2B3C4D5E6F70000000001A /* Domain */ = {
			isa = PBXGroup;
			children = (
				1A2B3C4D5E6F700000000014 /* LunarPhase.swift */,
				1A2B3C4D5E6F700000000015 /* StoryFragment.swift */,
				1A2B3C4D5E6F70000000001C /* LunarPhaseCalculator.swift */,
				B10000000000000000000002 /* MoonPhaseSnapshot.swift */,
				B10000000000000000000008 /* MoonPhaseDateRange.swift */,
				1A2B3C4D5E6F700000000053 /* FragmentHook.swift */,
			);
			path = Domain;
			sourceTree = "<group>";
		};
		1A2B3C4D5E6F70000000005A /* Content */ = {
			isa = PBXGroup;
			children = (
				1A2B3C4D5E6F700000000055 /* FragmentManifestLoader.swift */,
				1A2B3C4D5E6F700000000057 /* FragmentRepository.swift */,
			);
			path = Content;
			sourceTree = "<group>";
		};
		1A2B3C4D5E6F70000000006C /* Scene */ = {
			isa = PBXGroup;
			children = (
				1A2B3C4D5E6F700000000061 /* ScenePlayerView.swift */,
				1A2B3C4D5E6F700000000063 /* ScenePlaybackViewModel.swift */,
				1A2B3C4D5E6F700000000065 /* SceneLayerView.swift */,
				1A2B3C4D5E6F700000000067 /* BreathingStillView.swift */,
				1A2B3C4D5E6F700000000088 /* Audio */,
				1A2B3C4D5E6F700000000089 /* Haptics */,
				1A2B3C4D5E6F70000000006D /* Motion */,
			);
			path = Scene;
			sourceTree = "<group>";
		};
		1A2B3C4D5E6F700000000088 /* Audio */ = {
			isa = PBXGroup;
			children = (
				1A2B3C4D5E6F700000000085 /* AmbientAudioController.swift */,
			);
			path = Audio;
			sourceTree = "<group>";
		};
		1A2B3C4D5E6F700000000089 /* Haptics */ = {
			isa = PBXGroup;
			children = (
				1A2B3C4D5E6F700000000087 /* HapticCuePlayer.swift */,
			);
			path = Haptics;
			sourceTree = "<group>";
		};
		1A2B3C4D5E6F70000000006D /* Motion */ = {
			isa = PBXGroup;
			children = (
				1A2B3C4D5E6F700000000069 /* MotionProfile.swift */,
				1A2B3C4D5E6F70000000006B /* ParallaxLayer.swift */,
			);
			path = Motion;
			sourceTree = "<group>";
		};
		1A2B3C4D5E6F70000000005B /* Resources */ = {
			isa = PBXGroup;
			children = (
				1A2B3C4D5E6F70000000008C /* Audio */,
				1A2B3C4D5E6F70000000005C /* Fragments */,
			);
			path = Resources;
			sourceTree = "<group>";
		};
		1A2B3C4D5E6F70000000008C /* Audio */ = {
			isa = PBXGroup;
			children = (
				1A2B3C4D5E6F70000000008B /* moonlet-ambient.wav */,
			);
			path = Audio;
			sourceTree = "<group>";
		};
		1A2B3C4D5E6F70000000005C /* Fragments */ = {
			isa = PBXGroup;
			children = (
				1A2B3C4D5E6F700000000059 /* cycle-001.json */,
			);
			path = Fragments;
			sourceTree = "<group>";
		};
/* End PBXGroup section */

/* Begin PBXNativeTarget section */
		1A2B3C4D5E6F70000000000A /* Moonlet */ = {
			isa = PBXNativeTarget;
			buildConfigurationList = 1A2B3C4D5E6F700000000021 /* Build configuration list for PBXNativeTarget "Moonlet" */;
			buildPhases = (
				1A2B3C4D5E6F70000000000B /* Frameworks */,
				1A2B3C4D5E6F700000000025 /* Sources */,
				1A2B3C4D5E6F70000000005D /* Resources */,
			);
			buildRules = (
			);
			dependencies = (
			);
			name = Moonlet;
			productName = Moonlet;
			productReference = 1A2B3C4D5E6F700000000018 /* Moonlet.app */;
			productType = "com.apple.product-type.application";
		};
		1A2B3C4D5E6F70000000000E0 /* MoonletTests */ = {
			isa = PBXNativeTarget;
			buildConfigurationList = 1A2B3C4D5E6F700000000022 /* Build configuration list for PBXNativeTarget "MoonletTests" */;
			buildPhases = (
				1A2B3C4D5E6F70000000000D /* Frameworks */,
				1A2B3C4D5E6F700000000026 /* Sources */,
			);
			buildRules = (
			);
			dependencies = (
				1A2B3C4D5E6F700000000031 /* PBXTargetDependency */,
			);
			name = MoonletTests;
			productName = MoonletTests;
			productReference = 1A2B3C4D5E6F700000000017 /* MoonletTests.xctest */;
			productType = "com.apple.product-type.bundle.unit-test";
		};
		1A2B3C4D5E6F700000000076 /* MoonletUITests */ = {
			isa = PBXNativeTarget;
			buildConfigurationList = 1A2B3C4D5E6F70000000007B /* Build configuration list for PBXNativeTarget "MoonletUITests" */;
			buildPhases = (
				1A2B3C4D5E6F700000000074 /* Frameworks */,
				1A2B3C4D5E6F700000000077 /* Sources */,
			);
			buildRules = (
			);
			dependencies = (
				1A2B3C4D5E6F700000000078 /* PBXTargetDependency */,
			);
			name = MoonletUITests;
			productName = MoonletUITests;
			productReference = 1A2B3C4D5E6F700000000073 /* MoonletUITests.xctest */;
			productType = "com.apple.product-type.bundle.ui-testing";
		};
/* End PBXNativeTarget section */

/* Begin PBXProject section */
		1A2B3C4D5E6F700000000020 /* Project object */ = {
			isa = PBXProject;
			attributes = {
				BuildIndependentTargetsInParallel = 1;
				LastUpgradeCheck = 1600;
				TargetAttributes = {
					1A2B3C4D5E6F70000000000A = {
						CreatedOnToolsVersion = 16.0;
					};
					1A2B3C4D5E6F70000000000E0 = {
						CreatedOnToolsVersion = 16.0;
						TestTargetID = 1A2B3C4D5E6F70000000000A;
					};
					1A2B3C4D5E6F700000000076 = {
						CreatedOnToolsVersion = 16.0;
						TestTargetID = 1A2B3C4D5E6F70000000000A;
					};
				};
			};
			buildConfigurationList = 1A2B3C4D5E6F700000000023 /* Build configuration list for PBXProject "Moonlet" */;
			compatibilityVersion = "Xcode 16.0";
			developmentRegion = en;
			hasScannedForEncodings = 0;
			knownRegions = (
				en,
				Base,
			);
			mainGroup = 1A2B3C4D5E6F700000000010;
			productRefGroup = 1A2B3C4D5E6F700000000024 /* Products */;
			projectDirPath = "";
			projectRoot = "";
			targets = (
				1A2B3C4D5E6F70000000000A /* Moonlet */,
				1A2B3C4D5E6F70000000000E0 /* MoonletTests */,
				1A2B3C4D5E6F700000000076 /* MoonletUITests */,
			);
		};
/* End PBXProject section */

/* Begin PBXResourcesBuildPhase section */
		1A2B3C4D5E6F70000000005D /* Resources */ = {
			isa = PBXResourcesBuildPhase;
			buildActionMask = 2147483647;
			files = (
				1A2B3C4D5E6F700000000058 /* cycle-001.json in Resources */,
				1A2B3C4D5E6F70000000008A /* moonlet-ambient.wav in Resources */,
			);
			runOnlyForDeploymentPostprocessing = 0;
		};
/* End PBXResourcesBuildPhase section */

/* Begin PBXSourcesBuildPhase section */
		1A2B3C4D5E6F700000000025 /* Sources */ = {
			isa = PBXSourcesBuildPhase;
			buildActionMask = 2147483647;
			files = (
				1A2B3C4D5E6F700000000001 /* MoonletApp.swift in Sources */,
				1A2B3C4D5E6F700000000002 /* AppModel.swift in Sources */,
				1A2B3C4D5E6F700000000003 /* AppRoute.swift in Sources */,
				1A2B3C4D5E6F700000000004 /* LunarPhase.swift in Sources */,
				1A2B3C4D5E6F700000000005 /* StoryFragment.swift in Sources */,
				1A2B3C4D5E6F700000000008 /* LunarPhaseCalculator.swift in Sources */,
				B10000000000000000000001 /* MoonPhaseSnapshot.swift in Sources */,
				B10000000000000000000007 /* MoonPhaseDateRange.swift in Sources */,
				B10000000000000000000009 /* MoonPhaseStore.swift in Sources */,
				1A2B3C4D5E6F700000000052 /* FragmentHook.swift in Sources */,
				1A2B3C4D5E6F700000000054 /* FragmentManifestLoader.swift in Sources */,
				1A2B3C4D5E6F700000000056 /* FragmentRepository.swift in Sources */,
				1A2B3C4D5E6F700000000060 /* ScenePlayerView.swift in Sources */,
				1A2B3C4D5E6F700000000062 /* ScenePlaybackViewModel.swift in Sources */,
				1A2B3C4D5E6F700000000064 /* SceneLayerView.swift in Sources */,
				1A2B3C4D5E6F700000000066 /* BreathingStillView.swift in Sources */,
				1A2B3C4D5E6F700000000084 /* AmbientAudioController.swift in Sources */,
				1A2B3C4D5E6F700000000086 /* HapticCuePlayer.swift in Sources */,
				1A2B3C4D5E6F700000000068 /* MotionProfile.swift in Sources */,
				1A2B3C4D5E6F70000000006A /* ParallaxLayer.swift in Sources */,
				1A2B3C4D5E6F70000000007C /* MoonCalendarView.swift in Sources */,
				1A2B3C4D5E6F70000000007E /* MoonCalendarDayCell.swift in Sources */,
			);
			runOnlyForDeploymentPostprocessing = 0;
		};
		1A2B3C4D5E6F700000000026 /* Sources */ = {
			isa = PBXSourcesBuildPhase;
			buildActionMask = 2147483647;
			files = (
				1A2B3C4D5E6F700000000006 /* ScenePlaybackViewModelTests.swift in Sources */,
				1A2B3C4D5E6F700000000007 /* LunarPhaseCalculatorTests.swift in Sources */,
				1A2B3C4D5E6F700000000050 /* FragmentRepositoryTests.swift in Sources */,
				B10000000000000000000003 /* MoonPhaseDateRangeTests.swift in Sources */,
				B10000000000000000000005 /* MoonPhaseStoreTests.swift in Sources */,
			);
			runOnlyForDeploymentPostprocessing = 0;
		};
		1A2B3C4D5E6F700000000077 /* Sources */ = {
			isa = PBXSourcesBuildPhase;
			buildActionMask = 2147483647;
			files = (
				1A2B3C4D5E6F700000000070 /* MoonletDailyFlowUITests.swift in Sources */,
			);
			runOnlyForDeploymentPostprocessing = 0;
		};
/* End PBXSourcesBuildPhase section */

/* Begin PBXTargetDependency section */
		1A2B3C4D5E6F700000000031 /* PBXTargetDependency */ = {
			isa = PBXTargetDependency;
			target = 1A2B3C4D5E6F70000000000A /* Moonlet */;
			targetProxy = 1A2B3C4D5E6F700000000030 /* PBXContainerItemProxy */;
		};
		1A2B3C4D5E6F700000000078 /* PBXTargetDependency */ = {
			isa = PBXTargetDependency;
			target = 1A2B3C4D5E6F70000000000A /* Moonlet */;
			targetProxy = 1A2B3C4D5E6F700000000072 /* PBXContainerItemProxy */;
		};
/* End PBXTargetDependency section */

/* Begin XCBuildConfiguration section */
		1A2B3C4D5E6F700000000040 /* Debug */ = {
			isa = XCBuildConfiguration;
			buildSettings = {
				ALWAYS_SEARCH_USER_PATHS = NO;
				CLANG_ENABLE_MODULES = YES;
				CODE_SIGN_STYLE = Automatic;
				CURRENT_PROJECT_VERSION = 1;
				DEBUG_INFORMATION_FORMAT = dwarf;
				DEVELOPMENT_TEAM = "";
				ENABLE_TESTABILITY = YES;
				GENERATE_INFOPLIST_FILE = YES;
				INFOPLIST_KEY_UIApplicationSceneManifest_Generation = YES;
				INFOPLIST_KEY_UIApplicationSupportsIndirectInputEvents = YES;
				INFOPLIST_KEY_UILaunchScreen_Generation = YES;
				IPHONEOS_DEPLOYMENT_TARGET = 17.0;
				LD_RUNPATH_SEARCH_PATHS = "$(inherited) @executable_path/Frameworks";
				MARKETING_VERSION = 1.0;
				PRODUCT_BUNDLE_IDENTIFIER = com.uriah.moonlet;
				PRODUCT_NAME = "$(TARGET_NAME)";
				SDKROOT = iphoneos;
				SUPPORTED_PLATFORMS = "iphoneos iphonesimulator";
				SWIFT_EMIT_LOC_STRINGS = YES;
				SWIFT_VERSION = 6.0;
				TARGETED_DEVICE_FAMILY = "1,2";
			};
			name = Debug;
		};
		1A2B3C4D5E6F700000000041 /* Release */ = {
			isa = XCBuildConfiguration;
			buildSettings = {
				ALWAYS_SEARCH_USER_PATHS = NO;
				CLANG_ENABLE_MODULES = YES;
				CODE_SIGN_STYLE = Automatic;
				CURRENT_PROJECT_VERSION = 1;
				DEBUG_INFORMATION_FORMAT = "dwarf-with-dsym";
				DEVELOPMENT_TEAM = "";
				GENERATE_INFOPLIST_FILE = YES;
				INFOPLIST_KEY_UIApplicationSceneManifest_Generation = YES;
				INFOPLIST_KEY_UIApplicationSupportsIndirectInputEvents = YES;
				INFOPLIST_KEY_UILaunchScreen_Generation = YES;
				IPHONEOS_DEPLOYMENT_TARGET = 17.0;
				LD_RUNPATH_SEARCH_PATHS = "$(inherited) @executable_path/Frameworks";
				MARKETING_VERSION = 1.0;
				PRODUCT_BUNDLE_IDENTIFIER = com.uriah.moonlet;
				PRODUCT_NAME = "$(TARGET_NAME)";
				SDKROOT = iphoneos;
				SUPPORTED_PLATFORMS = "iphoneos iphonesimulator";
				SWIFT_EMIT_LOC_STRINGS = YES;
				SWIFT_VERSION = 6.0;
				TARGETED_DEVICE_FAMILY = "1,2";
				VALIDATE_PRODUCT = YES;
			};
			name = Release;
		};
		1A2B3C4D5E6F700000000042 /* Debug */ = {
			isa = XCBuildConfiguration;
			buildSettings = {
				ALWAYS_SEARCH_USER_PATHS = NO;
				CLANG_ENABLE_MODULES = YES;
				CODE_SIGN_STYLE = Automatic;
				CURRENT_PROJECT_VERSION = 1;
				DEBUG_INFORMATION_FORMAT = dwarf;
				DEVELOPMENT_TEAM = "";
				GENERATE_INFOPLIST_FILE = YES;
				IPHONEOS_DEPLOYMENT_TARGET = 17.0;
				LD_RUNPATH_SEARCH_PATHS = "$(inherited) @executable_path/Frameworks @loader_path/Frameworks";
				MARKETING_VERSION = 1.0;
				PRODUCT_BUNDLE_IDENTIFIER = com.uriah.moonletTests;
				PRODUCT_NAME = "$(TARGET_NAME)";
				SDKROOT = iphoneos;
				SUPPORTED_PLATFORMS = "iphoneos iphonesimulator";
				SWIFT_VERSION = 6.0;
				BUNDLE_LOADER = "$(TEST_HOST)";
				TEST_HOST = "$(BUILT_PRODUCTS_DIR)/Moonlet.app/Moonlet";
			};
			name = Debug;
		};
		1A2B3C4D5E6F700000000043 /* Release */ = {
			isa = XCBuildConfiguration;
			buildSettings = {
				ALWAYS_SEARCH_USER_PATHS = NO;
				CLANG_ENABLE_MODULES = YES;
				CODE_SIGN_STYLE = Automatic;
				CURRENT_PROJECT_VERSION = 1;
				DEBUG_INFORMATION_FORMAT = "dwarf-with-dsym";
				DEVELOPMENT_TEAM = "";
				GENERATE_INFOPLIST_FILE = YES;
				IPHONEOS_DEPLOYMENT_TARGET = 17.0;
				LD_RUNPATH_SEARCH_PATHS = "$(inherited) @executable_path/Frameworks @loader_path/Frameworks";
				MARKETING_VERSION = 1.0;
				PRODUCT_BUNDLE_IDENTIFIER = com.uriah.moonletTests;
				PRODUCT_NAME = "$(TARGET_NAME)";
				SDKROOT = iphoneos;
				SUPPORTED_PLATFORMS = "iphoneos iphonesimulator";
				SWIFT_VERSION = 6.0;
				BUNDLE_LOADER = "$(TEST_HOST)";
				TEST_HOST = "$(BUILT_PRODUCTS_DIR)/Moonlet.app/Moonlet";
			};
			name = Release;
		};
		1A2B3C4D5E6F700000000079 /* Debug */ = {
			isa = XCBuildConfiguration;
			buildSettings = {
				ALWAYS_SEARCH_USER_PATHS = NO;
				CLANG_ENABLE_MODULES = YES;
				CODE_SIGN_STYLE = Automatic;
				CURRENT_PROJECT_VERSION = 1;
				DEBUG_INFORMATION_FORMAT = dwarf;
				DEVELOPMENT_TEAM = "";
				GENERATE_INFOPLIST_FILE = YES;
				IPHONEOS_DEPLOYMENT_TARGET = 17.0;
				LD_RUNPATH_SEARCH_PATHS = "$(inherited) @executable_path/Frameworks";
				MARKETING_VERSION = 1.0;
				PRODUCT_BUNDLE_IDENTIFIER = com.uriah.moonletUITests;
				PRODUCT_NAME = "$(TARGET_NAME)";
				SDKROOT = iphoneos;
				SUPPORTED_PLATFORMS = "iphoneos iphonesimulator";
				SWIFT_VERSION = 6.0;
				TARGETED_DEVICE_FAMILY = "1,2";
				TEST_TARGET_NAME = Moonlet;
			};
			name = Debug;
		};
		1A2B3C4D5E6F70000000007A /* Release */ = {
			isa = XCBuildConfiguration;
			buildSettings = {
				ALWAYS_SEARCH_USER_PATHS = NO;
				CLANG_ENABLE_MODULES = YES;
				CODE_SIGN_STYLE = Automatic;
				CURRENT_PROJECT_VERSION = 1;
				DEBUG_INFORMATION_FORMAT = "dwarf-with-dsym";
				DEVELOPMENT_TEAM = "";
				GENERATE_INFOPLIST_FILE = YES;
				IPHONEOS_DEPLOYMENT_TARGET = 17.0;
				LD_RUNPATH_SEARCH_PATHS = "$(inherited) @executable_path/Frameworks";
				MARKETING_VERSION = 1.0;
				PRODUCT_BUNDLE_IDENTIFIER = com.uriah.moonletUITests;
				PRODUCT_NAME = "$(TARGET_NAME)";
				SDKROOT = iphoneos;
				SUPPORTED_PLATFORMS = "iphoneos iphonesimulator";
				SWIFT_VERSION = 6.0;
				TARGETED_DEVICE_FAMILY = "1,2";
				TEST_TARGET_NAME = Moonlet;
			};
			name = Release;
		};
		1A2B3C4D5E6F700000000044 /* Debug */ = {
			isa = XCBuildConfiguration;
			buildSettings = {
				ALWAYS_SEARCH_USER_PATHS = NO;
				CLANG_ENABLE_MODULES = YES;
				CURRENT_PROJECT_VERSION = 1;
				DEVELOPMENT_TEAM = "";
				PRODUCT_NAME = Moonlet;
				SWIFT_VERSION = 6.0;
			};
			name = Debug;
		};
		1A2B3C4D5E6F700000000045 /* Release */ = {
			isa = XCBuildConfiguration;
			buildSettings = {
				ALWAYS_SEARCH_USER_PATHS = NO;
				CLANG_ENABLE_MODULES = YES;
				CURRENT_PROJECT_VERSION = 1;
				DEVELOPMENT_TEAM = "";
				PRODUCT_NAME = Moonlet;
				SWIFT_VERSION = 6.0;
			};
			name = Release;
		};
/* End XCBuildConfiguration section */

/* Begin XCConfigurationList section */
		1A2B3C4D5E6F700000000021 /* Build configuration list for PBXNativeTarget "Moonlet" */ = {
			isa = XCConfigurationList;
			buildConfigurations = (
				1A2B3C4D5E6F700000000040 /* Debug */,
				1A2B3C4D5E6F700000000041 /* Release */,
			);
			defaultConfigurationIsVisible = 0;
			defaultConfigurationName = Release;
		};
		1A2B3C4D5E6F700000000022 /* Build configuration list for PBXNativeTarget "MoonletTests" */ = {
			isa = XCConfigurationList;
			buildConfigurations = (
				1A2B3C4D5E6F700000000042 /* Debug */,
				1A2B3C4D5E6F700000000043 /* Release */,
			);
			defaultConfigurationIsVisible = 0;
			defaultConfigurationName = Release;
		};
		1A2B3C4D5E6F70000000007B /* Build configuration list for PBXNativeTarget "MoonletUITests" */ = {
			isa = XCConfigurationList;
			buildConfigurations = (
				1A2B3C4D5E6F700000000079 /* Debug */,
				1A2B3C4D5E6F70000000007A /* Release */,
			);
			defaultConfigurationIsVisible = 0;
			defaultConfigurationName = Release;
		};
		1A2B3C4D5E6F700000000023 /* Build configuration list for PBXProject "Moonlet" */ = {
			isa = XCConfigurationList;
			buildConfigurations = (
				1A2B3C4D5E6F700000000044 /* Debug */,
				1A2B3C4D5E6F700000000045 /* Release */,
			);
			defaultConfigurationIsVisible = 0;
			defaultConfigurationName = Release;
		};
/* End XCConfigurationList section */
	};
	rootObject = 1A2B3C4D5E6F700000000020 /* Project object */;
}
